
Microsoft Visual Studio Solution File, Format Version 12.00
# Visual Studio Version 16
VisualStudioVersion = 16.0.31829.152
MinimumVisualStudioVersion = 10.0.40219.1
Project("{FAE04EC0-301F-11D3-BF4B-00C04F79EFBC}") = "BulkyBook", "BulkyBook\BulkyBook.csproj", "{99135924-D538-4235-AE69-EB1DD97C932D}"
EndProject
Global
	GlobalSection(SolutionConfigurationPlatforms) = preSolution
		Debug|Any CPU = Debug|Any CPU
		Release|Any CPU = Release|Any CPU
	EndGlobalSection
	GlobalSection(ProjectConfigurationPlatforms) = postSolution
		{99135924-D538-4235-AE69-EB1DD97C932D}.Debug|Any CPU.ActiveCfg = Debug|Any CPU
		{99135924-D538-4235-AE69-EB1DD97C932D}.Debug|Any CPU.Build.0 = Debug|Any CPU
		{99135924-D538-4235-AE69-EB1DD97C932D}.Release|Any CPU.ActiveCfg = Release|Any CPU
		{99135924-D538-4235-AE69-EB1DD97C932D}.Release|Any CPU.Build.0 = Release|Any CPU
	EndGlobalSection
	GlobalSection(SolutionProperties) = preSolution
		HideSolutionNode = FALSE
	EndGlobalSection
	GlobalSection(ExtensibilityGlobals) = postSolution
		SolutionGuid = {5964B904-68FF-4464-AB7A-B70D36A87A6E}
	EndGlobalSection
EndGlobal
